
Microsoft Visual Studio Solution File, Format Version 12.00
Project("{FAE04EC0-301F-11D3-BF4B-00C04F79EFBC}") = "yogaAshram", "yogaAshram\yogaAshram.csproj", "{7D5EDA66-E43B-4F1A-8432-DB2FE2401F90}"
EndProject
Project("{FAE04EC0-301F-11D3-BF4B-00C04F79EFBC}") = "YogaAshram.Test", "YogaAshram.Test\YogaAshram.Test.csproj", "{4F6B5175-675E-424C-A91C-0B9EA001EB75}"
EndProject
Global
	GlobalSection(SolutionConfigurationPlatforms) = preSolution
		Debug|Any CPU = Debug|Any CPU
		Release|Any CPU = Release|Any CPU
	EndGlobalSection
	GlobalSection(ProjectConfigurationPlatforms) = postSolution
		{7D5EDA66-E43B-4F1A-8432-DB2FE2401F90}.Debug|Any CPU.ActiveCfg = Debug|Any CPU
		{7D5EDA66-E43B-4F1A-8432-DB2FE2401F90}.Debug|Any CPU.Build.0 = Debug|Any CPU
		{7D5EDA66-E43B-4F1A-8432-DB2FE2401F90}.Release|Any CPU.ActiveCfg = Release|Any CPU
		{7D5EDA66-E43B-4F1A-8432-DB2FE2401F90}.Release|Any CPU.Build.0 = Release|Any CPU
		{4F6B5175-675E-424C-A91C-0B9EA001EB75}.Debug|Any CPU.ActiveCfg = Debug|Any CPU
		{4F6B5175-675E-424C-A91C-0B9EA001EB75}.Debug|Any CPU.Build.0 = Debug|Any CPU
		{4F6B5175-675E-424C-A91C-0B9EA001EB75}.Release|Any CPU.ActiveCfg = Release|Any CPU
		{4F6B5175-675E-424C-A91C-0B9EA001EB75}.Release|Any CPU.Build.0 = Release|Any CPU
	EndGlobalSection
EndGlobal
